{
  "name": "8lives",
  "lockfileVersion": 2,
  "requires": true,
  "packages": {
    "": {
      "dependencies": {
        "web3": "^0.19.0"
      }
    },
    "node_modules/bignumber.js": {
      "version": "2.0.7",
      "resolved": "git+ssh://git@github.com/debris/bignumber.js.git#94d7146671b9719e00a09c29b01a691bc85048c2",
      "integrity": "sha512-k55rLoPK7DNCwjO/+Esh5n3lNF+lKwzfIIak1alqxXhrXsInC69JJKwEjAyCB8+IehSFkObzxzzu9URR+Q4pyA==",
      "license": "MIT",
      "engines": {
        "node": "*"
      }
    },
    "node_modules/crypto-js": {
      "version": "3.3.0",
      "resolved": "https://registry.npmjs.org/crypto-js/-/crypto-js-3.3.0.tgz",
      "integrity": "sha512-DIT51nX0dCfKltpRiXV+/TVZq+Qq2NgF4644+K7Ttnla7zEzqc+kjJyiB96BHNyUTBxyjzRcZYpUdZa+QAqi6Q=="
    },
    "node_modules/utf8": {
      "version": "2.1.2",
      "resolved": "https://registry.npmjs.org/utf8/-/utf8-2.1.2.tgz",
      "integrity": "sha512-QXo+O/QkLP/x1nyi54uQiG0XrODxdysuQvE5dtVqv7F5K2Qb6FsN+qbr6KhF5wQ20tfcV3VQp0/2x1e1MRSPWg=="
    },
    "node_modules/web3": {
      "version": "0.19.0",
      "resolved": "https://registry.npmjs.org/web3/-/web3-0.19.0.tgz",
      "integrity": "sha512-ynxToy84PJYJRBixh/DpwTDFQRFn3NMxNgA3OI1TYiWzQDI8smRj6DqdraYcMKQQwjGNTShSutGNgoSlH1QQnA==",
      "dependencies": {
        "bignumber.js": "git+https://github.com/debris/bignumber.js.git#94d7146671b9719e00a09c29b01a691bc85048c2",
        "crypto-js": "^3.1.4",
        "utf8": "^2.1.1",
        "xhr2": "*",
        "xmlhttprequest": "*"
      }
    },
    "node_modules/xhr2": {
      "version": "0.2.1",
      "resolved": "https://registry.npmjs.org/xhr2/-/xhr2-0.2.1.tgz",
      "integrity": "sha512-sID0rrVCqkVNUn8t6xuv9+6FViXjUVXq8H5rWOH2rz9fDNQEd4g0EA2XlcEdJXRz5BMEn4O1pJFdT+z4YHhoWw==",
      "engines": {
        "node": ">= 6"
      }
    },
    "node_modules/xmlhttprequest": {
      "version": "1.8.0",
      "resolved": "https://registry.npmjs.org/xmlhttprequest/-/xmlhttprequest-1.8.0.tgz",
      "integrity": "sha512-58Im/U0mlVBLM38NdZjHyhuMtCqa61469k2YP/AaPbvCoV9aQGUpbJBj1QRm2ytRiVQBD/fsw7L2bJGDVQswBA==",
      "engines": {
        "node": ">=0.4.0"
      }
    }
  },
  "dependencies": {
    "bignumber.js": {
      "version": "git+ssh://git@github.com/debris/bignumber.js.git#94d7146671b9719e00a09c29b01a691bc85048c2",
      "integrity": "sha512-k55rLoPK7DNCwjO/+Esh5n3lNF+lKwzfIIak1alqxXhrXsInC69JJKwEjAyCB8+IehSFkObzxzzu9URR+Q4pyA==",
      "from": "bignumber.js@git+https://github.com/debris/bignumber.js.git#94d7146671b9719e00a09c29b01a691bc85048c2"
    },
    "crypto-js": {
      "version": "3.3.0",
      "resolved": "https://registry.npmjs.org/crypto-js/-/crypto-js-3.3.0.tgz",
      "integrity": "sha512-DIT51nX0dCfKltpRiXV+/TVZq+Qq2NgF4644+K7Ttnla7zEzqc+kjJyiB96BHNyUTBxyjzRcZYpUdZa+QAqi6Q=="
    },
    "utf8": {
      "version": "2.1.2",
      "resolved": "https://registry.npmjs.org/utf8/-/utf8-2.1.2.tgz",
      "integrity": "sha512-QXo+O/QkLP/x1nyi54uQiG0XrODxdysuQvE5dtVqv7F5K2Qb6FsN+qbr6KhF5wQ20tfcV3VQp0/2x1e1MRSPWg=="
    },
    "web3": {
      "version": "0.19.0",
      "resolved": "https://registry.npmjs.org/web3/-/web3-0.19.0.tgz",
      "integrity": "sha512-ynxToy84PJYJRBixh/DpwTDFQRFn3NMxNgA3OI1TYiWzQDI8smRj6DqdraYcMKQQwjGNTShSutGNgoSlH1QQnA==",
      "requires": {
        "bignumber.js": "git+https://github.com/debris/bignumber.js.git#94d7146671b9719e00a09c29b01a691bc85048c2",
        "crypto-js": "^3.1.4",
        "utf8": "^2.1.1",
        "xhr2": "*",
        "xmlhttprequest": "*"
      }
    },
    "xhr2": {
      "version": "0.2.1",
      "resolved": "https://registry.npmjs.org/xhr2/-/xhr2-0.2.1.tgz",
      "integrity": "sha512-sID0rrVCqkVNUn8t6xuv9+6FViXjUVXq8H5rWOH2rz9fDNQEd4g0EA2XlcEdJXRz5BMEn4O1pJFdT+z4YHhoWw=="
    },
    "xmlhttprequest": {
      "version": "1.8.0",
      "resolved": "https://registry.npmjs.org/xmlhttprequest/-/xmlhttprequest-1.8.0.tgz",
      "integrity": "sha512-58Im/U0mlVBLM38NdZjHyhuMtCqa61469k2YP/AaPbvCoV9aQGUpbJBj1QRm2ytRiVQBD/fsw7L2bJGDVQswBA=="
    }
  }
}
