# THIS IS AN AUTOGENERATED FILE. DO NOT EDIT THIS FILE DIRECTLY.
# yarn lockfile v1


"bignumber.js@git+https://github.com/debris/bignumber.js.git#94d7146671b9719e00a09c29b01a691bc85048c2":
  "integrity" "sha512-k55rLoPK7DNCwjO/+Esh5n3lNF+lKwzfIIak1alqxXhrXsInC69JJKwEjAyCB8+IehSFkObzxzzu9URR+Q4pyA=="
  "resolved" "git+ssh://git@github.com/debris/bignumber.js.git#94d7146671b9719e00a09c29b01a691bc85048c2"
  "version" "2.0.7"

"crypto-js@^3.1.4":
  "integrity" "sha512-DIT51nX0dCfKltpRiXV+/TVZq+Qq2NgF4644+K7Ttnla7zEzqc+kjJyiB96BHNyUTBxyjzRcZYpUdZa+QAqi6Q=="
  "resolved" "https://registry.npmjs.org/crypto-js/-/crypto-js-3.3.0.tgz"
  "version" "3.3.0"

"utf8@^2.1.1":
  "integrity" "sha512-QXo+O/QkLP/x1nyi54uQiG0XrODxdysuQvE5dtVqv7F5K2Qb6FsN+qbr6KhF5wQ20tfcV3VQp0/2x1e1MRSPWg=="
  "resolved" "https://registry.npmjs.org/utf8/-/utf8-2.1.2.tgz"
  "version" "2.1.2"

"web3@^0.19.0":
  "integrity" "sha512-ynxToy84PJYJRBixh/DpwTDFQRFn3NMxNgA3OI1TYiWzQDI8smRj6DqdraYcMKQQwjGNTShSutGNgoSlH1QQnA=="
  "resolved" "https://registry.npmjs.org/web3/-/web3-0.19.0.tgz"
  "version" "0.19.0"
  dependencies:
    "bignumber.js" "git+https://github.com/debris/bignumber.js.git#94d7146671b9719e00a09c29b01a691bc85048c2"
    "crypto-js" "^3.1.4"
    "utf8" "^2.1.1"
    "xhr2" "*"
    "xmlhttprequest" "*"

"xhr2@*":
  "integrity" "sha512-sID0rrVCqkVNUn8t6xuv9+6FViXjUVXq8H5rWOH2rz9fDNQEd4g0EA2XlcEdJXRz5BMEn4O1pJFdT+z4YHhoWw=="
  "resolved" "https://registry.npmjs.org/xhr2/-/xhr2-0.2.1.tgz"
  "version" "0.2.1"

"xmlhttprequest@*":
  "integrity" "sha512-58Im/U0mlVBLM38NdZjHyhuMtCqa61469k2YP/AaPbvCoV9aQGUpbJBj1QRm2ytRiVQBD/fsw7L2bJGDVQswBA=="
  "resolved" "https://registry.npmjs.org/xmlhttprequest/-/xmlhttprequest-1.8.0.tgz"
  "version" "1.8.0"
